// !$*UTF8*$!
{
	archiveVersion = 1;
	classes = {
	};
	objectVersion = 46;
	objects = {

/* Begin PBXBuildFile section */
		65C02B781D00E21D00FA2A7F /* MondoTests.swift in Sources */ = {isa = PBXBuildFile; fileRef = 65C02B771D00E21D00FA2A7F /* MondoTests.swift */; };
		65C02B831D00E21D00FA2A7F /* MondoUITests.swift in Sources */ = {isa = PBXBuildFile; fileRef = 65C02B821D00E21D00FA2A7F /* MondoUITests.swift */; };
		65C02BB61D00E2FD00FA2A7F /* Assets.xcassets in Resources */ = {isa = PBXBuildFile; fileRef = 65C02BA81D00E2FD00FA2A7F /* Assets.xcassets */; };
		65C02BB71D00E2FD00FA2A7F /* LaunchScreen.storyboard in Resources */ = {isa = PBXBuildFile; fileRef = 65C02BA91D00E2FD00FA2A7F /* LaunchScreen.storyboard */; };
		65C02BB81D00E2FD00FA2A7F /* Main.storyboard in Resources */ = {isa = PBXBuildFile; fileRef = 65C02BAB1D00E2FD00FA2A7F /* Main.storyboard */; };
		65C02BB91D00E2FD00FA2A7F /* ViewController.swift in Sources */ = {isa = PBXBuildFile; fileRef = 65C02BAE1D00E2FD00FA2A7F /* ViewController.swift */; };
		65C02BBA1D00E2FD00FA2A7F /* AppDelegate.swift in Sources */ = {isa = PBXBuildFile; fileRef = 65C02BB31D00E2FD00FA2A7F /* AppDelegate.swift */; };
		65C02BBB1D00E2FD00FA2A7F /* Info.plist in Resources */ = {isa = PBXBuildFile; fileRef = 65C02BB41D00E2FD00FA2A7F /* Info.plist */; };
/* End PBXBuildFile section */

/* Begin PBXContainerItemProxy section */
		65C02B741D00E21D00FA2A7F /* PBXContainerItemProxy */ = {
			isa = PBXContainerItemProxy;
			containerPortal = 65C02B571D00E21D00FA2A7F /* Project object */;
			proxyType = 1;
			remoteGlobalIDString = 65C02B5E1D00E21D00FA2A7F;
			remoteInfo = Mondo;
		};
		65C02B7F1D00E21D00FA2A7F /* PBXContainerItemProxy */ = {
			isa = PBXContainerItemProxy;
			containerPortal = 65C02B571D00E21D00FA2A7F /* Project object */;
			proxyType = 1;
			remoteGlobalIDString = 65C02B5E1D00E21D00FA2A7F;
			remoteInfo = Mondo;
		};
/* End PBXContainerItemProxy section */

/* Begin PBXFileReference section */
		65C02B5F1D00E21D00FA2A7F /* Mondo.app */ = {isa = PBXFileReference; explicitFileType = wrapper.application; includeInIndex = 0; path = Mondo.app; sourceTree = BUILT_PRODUCTS_DIR; };
		65C02B731D00E21D00FA2A7F /* MondoTests.xctest */ = {isa = PBXFileReference; explicitFileType = wrapper.cfbundle; includeInIndex = 0; path = MondoTests.xctest; sourceTree = BUILT_PRODUCTS_DIR; };
		65C02B771D00E21D00FA2A7F /* MondoTests.swift */ = {isa = PBXFileReference; lastKnownFileType = sourcecode.swift; path = MondoTests.swift; sourceTree = "<group>"; };
		65C02B791D00E21D00FA2A7F /* Info.plist */ = {isa = PBXFileReference; lastKnownFileType = text.plist.xml; path = Info.plist; sourceTree = "<group>"; };
		65C02B7E1D00E21D00FA2A7F /* MondoUITests.xctest */ = {isa = PBXFileReference; explicitFileType = wrapper.cfbundle; includeInIndex = 0; path = MondoUITests.xctest; sourceTree = BUILT_PRODUCTS_DIR; };
		65C02B821D00E21D00FA2A7F /* MondoUITests.swift */ = {isa = PBXFileReference; lastKnownFileType = sourcecode.swift; path = MondoUITests.swift; sourceTree = "<group>"; };
		65C02B841D00E21D00FA2A7F /* Info.plist */ = {isa = PBXFileReference; lastKnownFileType = text.plist.xml; path = Info.plist; sourceTree = "<group>"; };
		65C02BA81D00E2FD00FA2A7F /* Assets.xcassets */ = {isa = PBXFileReference; lastKnownFileType = folder.assetcatalog; path = Assets.xcassets; sourceTree = "<group>"; };
		65C02BAA1D00E2FD00FA2A7F /* Base */ = {isa = PBXFileReference; lastKnownFileType = file.storyboard; name = Base; path = Base.lproj/LaunchScreen.storyboard; sourceTree = "<group>"; };
		65C02BAC1D00E2FD00FA2A7F /* Base */ = {isa = PBXFileReference; lastKnownFileType = file.storyboard; name = Base; path = Base.lproj/Main.storyboard; sourceTree = "<group>"; };
		65C02BAE1D00E2FD00FA2A7F /* ViewController.swift */ = {isa = PBXFileReference; fileEncoding = 4; lastKnownFileType = sourcecode.swift; path = ViewController.swift; sourceTree = "<group>"; };
		65C02BB31D00E2FD00FA2A7F /* AppDelegate.swift */ = {isa = PBXFileReference; fileEncoding = 4; lastKnownFileType = sourcecode.swift; path = AppDelegate.swift; sourceTree = "<group>"; };
		65C02BB41D00E2FD00FA2A7F /* Info.plist */ = {isa = PBXFileReference; fileEncoding = 4; lastKnownFileType = text.plist.xml; path = Info.plist; sourceTree = "<group>"; };
/* End PBXFileReference section */

/* Begin PBXFrameworksBuildPhase section */
		65C02B5C1D00E21D00FA2A7F /* Frameworks */ = {
			isa = PBXFrameworksBuildPhase;
			buildActionMask = 2147483647;
			files = (
			);
			runOnlyForDeploymentPostprocessing = 0;
		};
		65C02B701D00E21D00FA2A7F /* Frameworks */ = {
			isa = PBXFrameworksBuildPhase;
			buildActionMask = 2147483647;
			files = (
			);
			runOnlyForDeploymentPostprocessing = 0;
		};
		65C02B7B1D00E21D00FA2A7F /* Frameworks */ = {
			isa = PBXFrameworksBuildPhase;
			buildActionMask = 2147483647;
			files = (
			);
			runOnlyForDeploymentPostprocessing = 0;
		};
/* End PBXFrameworksBuildPhase section */

/* Begin PBXGroup section */
		65C02B561D00E21D00FA2A7F = {
			isa = PBXGroup;
			children = (
				65C02BA61D00E2FD00FA2A7F /* Mondo */,
				65C02B761D00E21D00FA2A7F /* MondoTests */,
				65C02B811D00E21D00FA2A7F /* MondoUITests */,
				65C02B601D00E21D00FA2A7F /* Products */,
			);
			sourceTree = "<group>";
		};
		65C02B601D00E21D00FA2A7F /* Products */ = {
			isa = PBXGroup;
			children = (
				65C02B5F1D00E21D00FA2A7F /* Mondo.app */,
				65C02B731D00E21D00FA2A7F /* MondoTests.xctest */,
				65C02B7E1D00E21D00FA2A7F /* MondoUITests.xctest */,
			);
			name = Products;
			sourceTree = "<group>";
		};
		65C02B761D00E21D00FA2A7F /* MondoTests */ = {
			isa = PBXGroup;
			children = (
				65C02B771D00E21D00FA2A7F /* MondoTests.swift */,
				65C02B791D00E21D00FA2A7F /* Info.plist */,
			);
			path = MondoTests;
			sourceTree = "<group>";
		};
		65C02B811D00E21D00FA2A7F /* MondoUITests */ = {
			isa = PBXGroup;
			children = (
				65C02B821D00E21D00FA2A7F /* MondoUITests.swift */,
				65C02B841D00E21D00FA2A7F /* Info.plist */,
			);
			path = MondoUITests;
			sourceTree = "<group>";
		};
		65C02BA61D00E2FD00FA2A7F /* Mondo */ = {
			isa = PBXGroup;
			children = (
				65C02BB01D00E2FD00FA2A7F /* Model */,
				65C02BAD1D00E2FD00FA2A7F /* Controller */,
				65C02BB51D00E2FD00FA2A7F /* View */,
				65C02BAF1D00E2FD00FA2A7F /* Extensions */,
				65C02BB11D00E2FD00FA2A7F /* Storyboards */,
				65C02BA71D00E2FD00FA2A7F /* Assets */,
				65C02BB21D00E2FD00FA2A7F /* Supporting */,
			);
			path = Mondo;
			sourceTree = "<group>";
		};
		65C02BA71D00E2FD00FA2A7F /* Assets */ = {
			isa = PBXGroup;
			children = (
				65C02BA81D00E2FD00FA2A7F /* Assets.xcassets */,
			);
			path = Assets;
			sourceTree = "<group>";
		};
		65C02BAD1D00E2FD00FA2A7F /* Controller */ = {
			isa = PBXGroup;
			children = (
				65C02BAE1D00E2FD00FA2A7F /* ViewController.swift */,
			);
			path = Controller;
			sourceTree = "<group>";
		};
		65C02BAF1D00E2FD00FA2A7F /* Extensions */ = {
			isa = PBXGroup;
			children = (
			);
			path = Extensions;
			sourceTree = "<group>";
		};
		65C02BB01D00E2FD00FA2A7F /* Model */ = {
			isa = PBXGroup;
			children = (
			);
			path = Model;
			sourceTree = "<group>";
		};
		65C02BB11D00E2FD00FA2A7F /* Storyboards */ = {
			isa = PBXGroup;
			children = (
				65C02BAB1D00E2FD00FA2A7F /* Main.storyboard */,
				65C02BA91D00E2FD00FA2A7F /* LaunchScreen.storyboard */,
			);
			path = Storyboards;
			sourceTree = "<group>";
		};
		65C02BB21D00E2FD00FA2A7F /* Supporting */ = {
			isa = PBXGroup;
			children = (
				65C02BB31D00E2FD00FA2A7F /* AppDelegate.swift */,
				65C02BB41D00E2FD00FA2A7F /* Info.plist */,
			);
			path = Supporting;
			sourceTree = "<group>";
		};
		65C02BB51D00E2FD00FA2A7F /* View */ = {
			isa = PBXGroup;
			children = (
			);
			path = View;
			sourceTree = "<group>";
		};
/* End PBXGroup section */

/* Begin PBXNativeTarget section */
		65C02B5E1D00E21D00FA2A7F /* Mondo */ = {
			isa = PBXNativeTarget;
			buildConfigurationList = 65C02B871D00E21D00FA2A7F /* Build configuration list for PBXNativeTarget "Mondo" */;
			buildPhases = (
				65C02B5B1D00E21D00FA2A7F /* Sources */,
				65C02B5C1D00E21D00FA2A7F /* Frameworks */,
				65C02B5D1D00E21D00FA2A7F /* Resources */,
			);
			buildRules = (
			);
			dependencies = (
			);
			name = Mondo;
			productName = Mondo;
			productReference = 65C02B5F1D00E21D00FA2A7F /* Mondo.app */;
			productType = "com.apple.product-type.application";
		};
		65C02B721D00E21D00FA2A7F /* MondoTests */ = {
			isa = PBXNativeTarget;
			buildConfigurationList = 65C02B8A1D00E21D00FA2A7F /* Build configuration list for PBXNativeTarget "MondoTests" */;
			buildPhases = (
				65C02B6F1D00E21D00FA2A7F /* Sources */,
				65C02B701D00E21D00FA2A7F /* Frameworks */,
				65C02B711D00E21D00FA2A7F /* Resources */,
			);
			buildRules = (
			);
			dependencies = (
				65C02B751D00E21D00FA2A7F /* PBXTargetDependency */,
			);
			name = MondoTests;
			productName = MondoTests;
			productReference = 65C02B731D00E21D00FA2A7F /* MondoTests.xctest */;
			productType = "com.apple.product-type.bundle.unit-test";
		};
		65C02B7D1D00E21D00FA2A7F /* MondoUITests */ = {
			isa = PBXNativeTarget;
			buildConfigurationList = 65C02B8D1D00E21D00FA2A7F /* Build configuration list for PBXNativeTarget "MondoUITests" */;
			buildPhases = (
				65C02B7A1D00E21D00FA2A7F /* Sources */,
				65C02B7B1D00E21D00FA2A7F /* Frameworks */,
				65C02B7C1D00E21D00FA2A7F /* Resources */,
			);
			buildRules = (
			);
			dependencies = (
				65C02B801D00E21D00FA2A7F /* PBXTargetDependency */,
			);
			name = MondoUITests;
			productName = MondoUITests;
			productReference = 65C02B7E1D00E21D00FA2A7F /* MondoUITests.xctest */;
			productType = "com.apple.product-type.bundle.ui-testing";
		};
/* End PBXNativeTarget section */

/* Begin PBXProject section */
		65C02B571D00E21D00FA2A7F /* Project object */ = {
			isa = PBXProject;
			attributes = {
				LastSwiftUpdateCheck = 0730;
				LastUpgradeCheck = 0730;
				ORGANIZATIONNAME = 10gic;
				TargetAttributes = {
					65C02B5E1D00E21D00FA2A7F = {
						CreatedOnToolsVersion = 7.3;
					};
					65C02B721D00E21D00FA2A7F = {
						CreatedOnToolsVersion = 7.3;
						TestTargetID = 65C02B5E1D00E21D00FA2A7F;
					};
					65C02B7D1D00E21D00FA2A7F = {
						CreatedOnToolsVersion = 7.3;
						TestTargetID = 65C02B5E1D00E21D00FA2A7F;
					};
				};
			};
			buildConfigurationList = 65C02B5A1D00E21D00FA2A7F /* Build configuration list for PBXProject "Mondo" */;
			compatibilityVersion = "Xcode 3.2";
			developmentRegion = English;
			hasScannedForEncodings = 0;
			knownRegions = (
				en,
				Base,
			);
			mainGroup = 65C02B561D00E21D00FA2A7F;
			productRefGroup = 65C02B601D00E21D00FA2A7F /* Products */;
			projectDirPath = "";
			projectRoot = "";
			targets = (
				65C02B5E1D00E21D00FA2A7F /* Mondo */,
				65C02B721D00E21D00FA2A7F /* MondoTests */,
				65C02B7D1D00E21D00FA2A7F /* MondoUITests */,
			);
		};
/* End PBXProject section */

/* Begin PBXResourcesBuildPhase section */
		65C02B5D1D00E21D00FA2A7F /* Resources */ = {
			isa = PBXResourcesBuildPhase;
			buildActionMask = 2147483647;
			files = (
				65C02BBB1D00E2FD00FA2A7F /* Info.plist in Resources */,
				65C02BB81D00E2FD00FA2A7F /* Main.storyboard in Resources */,
				65C02BB61D00E2FD00FA2A7F /* Assets.xcassets in Resources */,
				65C02BB71D00E2FD00FA2A7F /* LaunchScreen.storyboard in Resources */,
			);
			runOnlyForDeploymentPostprocessing = 0;
		};
		65C02B711D00E21D00FA2A7F /* Resources */ = {
			isa = PBXResourcesBuildPhase;
			buildActionMask = 2147483647;
			files = (
			);
			runOnlyForDeploymentPostprocessing = 0;
		};
		65C02B7C1D00E21D00FA2A7F /* Resources */ = {
			isa = PBXResourcesBuildPhase;
			buildActionMask = 2147483647;
			files = (
			);
			runOnlyForDeploymentPostprocessing = 0;
		};
/* End PBXResourcesBuildPhase section */

/* Begin PBXSourcesBuildPhase section */
		65C02B5B1D00E21D00FA2A7F /* Sources */ = {
			isa = PBXSourcesBuildPhase;
			buildActionMask = 2147483647;
			files = (
				65C02BBA1D00E2FD00FA2A7F /* AppDelegate.swift in Sources */,
				65C02BB91D00E2FD00FA2A7F /* ViewController.swift in Sources */,
			);
			runOnlyForDeploymentPostprocessing = 0;
		};
		65C02B6F1D00E21D00FA2A7F /* Sources */ = {
			isa = PBXSourcesBuildPhase;
			buildActionMask = 2147483647;
			files = (
				65C02B781D00E21D00FA2A7F /* MondoTests.swift in Sources */,
			);
			runOnlyForDeploymentPostprocessing = 0;
		};
		65C02B7A1D00E21D00FA2A7F /* Sources */ = {
			isa = PBXSourcesBuildPhase;
			buildActionMask = 2147483647;
			files = (
				65C02B831D00E21D00FA2A7F /* MondoUITests.swift in Sources */,
			);
			runOnlyForDeploymentPostprocessing = 0;
		};
/* End PBXSourcesBuildPhase section */

/* Begin PBXTargetDependency section */
		65C02B751D00E21D00FA2A7F /* PBXTargetDependency */ = {
			isa = PBXTargetDependency;
			target = 65C02B5E1D00E21D00FA2A7F /* Mondo */;
			targetProxy = 65C02B741D00E21D00FA2A7F /* PBXContainerItemProxy */;
		};
		65C02B801D00E21D00FA2A7F /* PBXTargetDependency */ = {
			isa = PBXTargetDependency;
			target = 65C02B5E1D00E21D00FA2A7F /* Mondo */;
			targetProxy = 65C02B7F1D00E21D00FA2A7F /* PBXContainerItemProxy */;
		};
/* End PBXTargetDependency section */

/* Begin PBXVariantGroup section */
		65C02BA91D00E2FD00FA2A7F /* LaunchScreen.storyboard */ = {
			isa = PBXVariantGroup;
			children = (
				65C02BAA1D00E2FD00FA2A7F /* Base */,
			);
			name = LaunchScreen.storyboard;
			path = ..;
			sourceTree = "<group>";
		};
		65C02BAB1D00E2FD00FA2A7F /* Main.storyboard */ = {
			isa = PBXVariantGroup;
			children = (
				65C02BAC1D00E2FD00FA2A7F /* Base */,
			);
			name = Main.storyboard;
			path = ..;
			sourceTree = "<group>";
		};
/* End PBXVariantGroup section */

/* Begin XCBuildConfiguration section */
		65C02B851D00E21D00FA2A7F /* Debug */ = {
			isa = XCBuildConfiguration;
			buildSettings = {
				ALWAYS_SEARCH_USER_PATHS = NO;
				CLANG_ANALYZER_NONNULL = YES;
				CLANG_CXX_LANGUAGE_STANDARD = "gnu++0x";
				CLANG_CXX_LIBRARY = "libc++";
				CLANG_ENABLE_MODULES = YES;
				CLANG_ENABLE_OBJC_ARC = YES;
				CLANG_WARN_BOOL_CONVERSION = YES;
				CLANG_WARN_CONSTANT_CONVERSION = YES;
				CLANG_WARN_DIRECT_OBJC_ISA_USAGE = YES_ERROR;
				CLANG_WARN_EMPTY_BODY = YES;
				CLANG_WARN_ENUM_CONVERSION = YES;
				CLANG_WARN_INT_CONVERSION = YES;
				CLANG_WARN_OBJC_ROOT_CLASS = YES_ERROR;
				CLANG_WARN_UNREACHABLE_CODE = YES;
				CLANG_WARN__DUPLICATE_METHOD_MATCH = YES;
				"CODE_SIGN_IDENTITY[sdk=iphoneos*]" = "iPhone Developer";
				COPY_PHASE_STRIP = NO;
				DEBUG_INFORMATION_FORMAT = dwarf;
				ENABLE_STRICT_OBJC_MSGSEND = YES;
				ENABLE_TESTABILITY = YES;
				GCC_C_LANGUAGE_STANDARD = gnu99;
				GCC_DYNAMIC_NO_PIC = NO;
				GCC_NO_COMMON_BLOCKS = YES;
				GCC_OPTIMIZATION_LEVEL = 0;
				GCC_PREPROCESSOR_DEFINITIONS = (
					"DEBUG=1",
					"$(inherited)",
				);
				GCC_WARN_64_TO_32_BIT_CONVERSION = YES;
				GCC_WARN_ABOUT_RETURN_TYPE = YES_ERROR;
				GCC_WARN_UNDECLARED_SELECTOR = YES;
				GCC_WARN_UNINITIALIZED_AUTOS = YES_AGGRESSIVE;
				GCC_WARN_UNUSED_FUNCTION = YES;
				GCC_WARN_UNUSED_VARIABLE = YES;
				IPHONEOS_DEPLOYMENT_TARGET = 9.3;
				MTL_ENABLE_DEBUG_INFO = YES;
				ONLY_ACTIVE_ARCH = YES;
				SDKROOT = iphoneos;
				SWIFT_OPTIMIZATION_LEVEL = "-Onone";
			};
			name = Debug;
		};
		65C02B861D00E21D00FA2A7F /* Release */ = {
			isa = XCBuildConfiguration;
			buildSettings = {
				ALWAYS_SEARCH_USER_PATHS = NO;
				CLANG_ANALYZER_NONNULL = YES;
				CLANG_CXX_LANGUAGE_STANDARD = "gnu++0x";
				CLANG_CXX_LIBRARY = "libc++";
				CLANG_ENABLE_MODULES = YES;
				CLANG_ENABLE_OBJC_ARC = YES;
				CLANG_WARN_BOOL_CONVERSION = YES;
				CLANG_WARN_CONSTANT_CONVERSION = YES;
				CLANG_WARN_DIRECT_OBJC_ISA_USAGE = YES_ERROR;
				CLANG_WARN_EMPTY_BODY = YES;
				CLANG_WARN_ENUM_CONVERSION = YES;
				CLANG_WARN_INT_CONVERSION = YES;
				CLANG_WARN_OBJC_ROOT_CLASS = YES_ERROR;
				CLANG_WARN_UNREACHABLE_CODE = YES;
				CLANG_WARN__DUPLICATE_METHOD_MATCH = YES;
				"CODE_SIGN_IDENTITY[sdk=iphoneos*]" = "iPhone Developer";
				COPY_PHASE_STRIP = NO;
				DEBUG_INFORMATION_FORMAT = "dwarf-with-dsym";
				ENABLE_NS_ASSERTIONS = NO;
				ENABLE_STRICT_OBJC_MSGSEND = YES;
				GCC_C_LANGUAGE_STANDARD = gnu99;
				GCC_NO_COMMON_BLOCKS = YES;
				GCC_WARN_64_TO_32_BIT_CONVERSION = YES;
				GCC_WARN_ABOUT_RETURN_TYPE = YES_ERROR;
				GCC_WARN_UNDECLARED_SELECTOR = YES;
				GCC_WARN_UNINITIALIZED_AUTOS = YES_AGGRESSIVE;
				GCC_WARN_UNUSED_FUNCTION = YES;
				GCC_WARN_UNUSED_VARIABLE = YES;
				IPHONEOS_DEPLOYMENT_TARGET = 9.3;
				MTL_ENABLE_DEBUG_INFO = NO;
				SDKROOT = iphoneos;
				VALIDATE_PRODUCT = YES;
			};
			name = Release;
		};
		65C02B881D00E21D00FA2A7F /* Debug */ = {
			isa = XCBuildConfiguration;
			buildSettings = {
				ASSETCATALOG_COMPILER_APPICON_NAME = AppIcon;
				INFOPLIST_FILE = Mondo/Info.plist;
				LD_RUNPATH_SEARCH_PATHS = "$(inherited) @executable_path/Frameworks";
				PRODUCT_BUNDLE_IDENTIFIER = ioLogic.Mondo;
				PRODUCT_NAME = "$(TARGET_NAME)";
			};
			name = Debug;
		};
		65C02B891D00E21D00FA2A7F /* Release */ = {
			isa = XCBuildConfiguration;
			buildSettings = {
				ASSETCATALOG_COMPILER_APPICON_NAME = AppIcon;
				INFOPLIST_FILE = Mondo/Info.plist;
				LD_RUNPATH_SEARCH_PATHS = "$(inherited) @executable_path/Frameworks";
				PRODUCT_BUNDLE_IDENTIFIER = ioLogic.Mondo;
				PRODUCT_NAME = "$(TARGET_NAME)";
			};
			name = Release;
		};
		65C02B8B1D00E21D00FA2A7F /* Debug */ = {
			isa = XCBuildConfiguration;
			buildSettings = {
				BUNDLE_LOADER = "$(TEST_HOST)";
				INFOPLIST_FILE = MondoTests/Info.plist;
				LD_RUNPATH_SEARCH_PATHS = "$(inherited) @executable_path/Frameworks @loader_path/Frameworks";
				PRODUCT_BUNDLE_IDENTIFIER = ioLogic.MondoTests;
				PRODUCT_NAME = "$(TARGET_NAME)";
				TEST_HOST = "$(BUILT_PRODUCTS_DIR)/Mondo.app/Mondo";
			};
			name = Debug;
		};
		65C02B8C1D00E21D00FA2A7F /* Release */ = {
			isa = XCBuildConfiguration;
			buildSettings = {
				BUNDLE_LOADER = "$(TEST_HOST)";
				INFOPLIST_FILE = MondoTests/Info.plist;
				LD_RUNPATH_SEARCH_PATHS = "$(inherited) @executable_path/Frameworks @loader_path/Frameworks";
				PRODUCT_BUNDLE_IDENTIFIER = ioLogic.MondoTests;
				PRODUCT_NAME = "$(TARGET_NAME)";
				TEST_HOST = "$(BUILT_PRODUCTS_DIR)/Mondo.app/Mondo";
			};
			name = Release;
		};
		65C02B8E1D00E21D00FA2A7F /* Debug */ = {
			isa = XCBuildConfiguration;
			buildSettings = {
				INFOPLIST_FILE = MondoUITests/Info.plist;
				LD_RUNPATH_SEARCH_PATHS = "$(inherited) @executable_path/Frameworks @loader_path/Frameworks";
				PRODUCT_BUNDLE_IDENTIFIER = ioLogic.MondoUITests;
				PRODUCT_NAME = "$(TARGET_NAME)";
				TEST_TARGET_NAME = Mondo;
			};
			name = Debug;
		};
		65C02B8F1D00E21D00FA2A7F /* Release */ = {
			isa = XCBuildConfiguration;
			buildSettings = {
				INFOPLIST_FILE = MondoUITests/Info.plist;
				LD_RUNPATH_SEARCH_PATHS = "$(inherited) @executable_path/Frameworks @loader_path/Frameworks";
				PRODUCT_BUNDLE_IDENTIFIER = ioLogic.MondoUITests;
				PRODUCT_NAME = "$(TARGET_NAME)";
				TEST_TARGET_NAME = Mondo;
			};
			name = Release;
		};
/* End XCBuildConfiguration section */

/* Begin XCConfigurationList section */
		65C02B5A1D00E21D00FA2A7F /* Build configuration list for PBXProject "Mondo" */ = {
			isa = XCConfigurationList;
			buildConfigurations = (
				65C02B851D00E21D00FA2A7F /* Debug */,
				65C02B861D00E21D00FA2A7F /* Release */,
			);
			defaultConfigurationIsVisible = 0;
			defaultConfigurationName = Release;
		};
		65C02B871D00E21D00FA2A7F /* Build configuration list for PBXNativeTarget "Mondo" */ = {
			isa = XCConfigurationList;
			buildConfigurations = (
				65C02B881D00E21D00FA2A7F /* Debug */,
				65C02B891D00E21D00FA2A7F /* Release */,
			);
			defaultConfigurationIsVisible = 0;
		};
		65C02B8A1D00E21D00FA2A7F /* Build configuration list for PBXNativeTarget "MondoTests" */ = {
			isa = XCConfigurationList;
			buildConfigurations = (
				65C02B8B1D00E21D00FA2A7F /* Debug */,
				65C02B8C1D00E21D00FA2A7F /* Release */,
			);
			defaultConfigurationIsVisible = 0;
		};
		65C02B8D1D00E21D00FA2A7F /* Build configuration list for PBXNativeTarget "MondoUITests" */ = {
			isa = XCConfigurationList;
			buildConfigurations = (
				65C02B8E1D00E21D00FA2A7F /* Debug */,
				65C02B8F1D00E21D00FA2A7F /* Release */,
			);
			defaultConfigurationIsVisible = 0;
		};
/* End XCConfigurationList section */
	};
	rootObject = 65C02B571D00E21D00FA2A7F /* Project object */;
}
